
Microsoft Visual Studio Solution File, Format Version 12.00
# Visual Studio Version 16
VisualStudioVersion = 16.0.29613.14
MinimumVisualStudioVersion = 10.0.40219.1
Project("{FAE04EC0-301F-11D3-BF4B-00C04F79EFBC}") = "testApp", "testApp.csproj", "{0B0B0F60-1246-40E6-B979-A336770E323B}"
EndProject
Global
	GlobalSection(SolutionConfigurationPlatforms) = preSolution
		Debug|Any CPU = Debug|Any CPU
		Release|Any CPU = Release|Any CPU
	EndGlobalSection
	GlobalSection(ProjectConfigurationPlatforms) = postSolution
		{0B0B0F60-1246-40E6-B979-A336770E323B}.Debug|Any CPU.ActiveCfg = Debug|Any CPU
		{0B0B0F60-1246-40E6-B979-A336770E323B}.Debug|Any CPU.Build.0 = Debug|Any CPU
		{0B0B0F60-1246-40E6-B979-A336770E323B}.Release|Any CPU.ActiveCfg = Release|Any CPU
		{0B0B0F60-1246-40E6-B979-A336770E323B}.Release|Any CPU.Build.0 = Release|Any CPU
	EndGlobalSection
	GlobalSection(SolutionProperties) = preSolution
		HideSolutionNode = FALSE
	EndGlobalSection
	GlobalSection(ExtensibilityGlobals) = postSolution
		SolutionGuid = {4605785A-B354-48EC-A983-B49C8897B96F}
	EndGlobalSection
EndGlobal
